readme_commit=9b4db777f4befcc557e397c8e9daff9ac54e5e4c
# synced with kino-light 35c2dd5e (worktree xuper-plain-plugin, Kino 0.9.50); readme_commit is the last commit that touched docs/plugins/README.md. Ported since 65167114: the browser-page changes (no page reads from categories, top document on the plugin hosts, timeoutMs cut, waitFor flags, kit error order) to browser.md, and the Stremio refused list to the new stremio.md page. Not ported: docs/plugins/catalog-format.md (the recommended-catalog format, not for plugin authors). The engine-limits.en.md kino.fetch row stays as generated.
