readme_commit=535c4781ed270a13b2d464765d73dec57d36b124
# synced with kino-light 535c4781 (a pre-release branch; apiVersion 6 = Kino 0.9.50); readme_commit is the last commit that touched docs/plugins/README.md. The upstream README manifest table says debug/section/theme are "from apiVersion 5"; PluginManifest.kt and contract.json gate them at 6, and this site says 6. The engine-limits.en.md kino.fetch row stays as generated.
