readme_commit=65167114835ebc735d342395cf3e31bea1051cfa
# synced with kino-light 65167114 (feat/browser-page, = eb554f55 plus kino.browser.page folded into apiVersion 6 / Kino 0.9.50 as "browser": "pages"); readme_commit is the last commit that touched docs/plugins/README.md. Not ported: docs/plugins/catalog-format.md (the recommended-catalog format, not for plugin authors). The engine-limits.en.md kino.fetch row stays as generated.
